
Microsoft Visual Studio Solution File, Format Version 12.00
# Visual Studio Version 16
VisualStudioVersion = 16.0.32106.194
MinimumVisualStudioVersion = 10.0.40219.1
Project("{FAE04EC0-301F-11D3-BF4B-00C04F79EFBC}") = "WindowsFormsApp3", "WindowsFormsApp3\WindowsFormsApp3.csproj", "{335506A5-9471-4AFF-BCA7-20116673B68C}"
EndProject
Global
	GlobalSection(SolutionConfigurationPlatforms) = preSolution
		Debug|Any CPU = Debug|Any CPU
		Release|Any CPU = Release|Any CPU
	EndGlobalSection
	GlobalSection(ProjectConfigurationPlatforms) = postSolution
		{335506A5-9471-4AFF-BCA7-20116673B68C}.Debug|Any CPU.ActiveCfg = Debug|Any CPU
		{335506A5-9471-4AFF-BCA7-20116673B68C}.Debug|Any CPU.Build.0 = Debug|Any CPU
		{335506A5-9471-4AFF-BCA7-20116673B68C}.Release|Any CPU.ActiveCfg = Release|Any CPU
		{335506A5-9471-4AFF-BCA7-20116673B68C}.Release|Any CPU.Build.0 = Release|Any CPU
	EndGlobalSection
	GlobalSection(SolutionProperties) = preSolution
		HideSolutionNode = FALSE
	EndGlobalSection
	GlobalSection(ExtensibilityGlobals) = postSolution
		SolutionGuid = {F469B039-48B7-4998-A57F-FCBE15DCFAD6}
	EndGlobalSection
EndGlobal
